
Microsoft Visual Studio Solution File, Format Version 12.00
# Visual Studio 2012
Project("{FAE04EC0-301F-11D3-BF4B-00C04F79EFBC}") = "SpecflowReportTool", "src\SpecflowReportTool\SpecflowReportTool.csproj", "{20208443-5220-485F-AF48-128D38F1CD54}"
EndProject
Project("{2150E333-8FDC-42A3-9474-1A3956D46DE8}") = "samples", "samples", "{1243F5C2-6E36-4866-B508-EE9D6CB2CA35}"
EndProject
Project("{FAE04EC0-301F-11D3-BF4B-00C04F79EFBC}") = "Bohrium.Tools.Sample.SpecflowTests", "samples\Bohrium.Tools.Sample.SpecflowTests\Bohrium.Tools.Sample.SpecflowTests.csproj", "{4E0AF1C3-8E12-4F7A-9BAA-1B0E5749B371}"
EndProject
Project("{FAE04EC0-301F-11D3-BF4B-00C04F79EFBC}") = "Bohrium.Tools.Sample.SpecflowTestsBase", "samples\Bohrium.Tools.Sample.SpecflowTestsBase\Bohrium.Tools.Sample.SpecflowTestsBase.csproj", "{D9CBCEE5-DC81-40FE-9B6C-CC173BE94137}"
EndProject
Project("{2150E333-8FDC-42A3-9474-1A3956D46DE8}") = ".nuget", ".nuget", "{3A66E070-497E-431C-A300-4E7965F0069B}"
	ProjectSection(SolutionItems) = preProject
		.nuget\packages.config = .nuget\packages.config
	EndProjectSection
EndProject
Project("{2150E333-8FDC-42A3-9474-1A3956D46DE8}") = ".msbuild", ".msbuild", "{0F288188-448C-449D-8EEB-F96CF02434F4}"
	ProjectSection(SolutionItems) = preProject
		Bohrium.Tools.SpecflowReportTool.msbuild = Bohrium.Tools.SpecflowReportTool.msbuild
	EndProjectSection
EndProject
Project("{2150E333-8FDC-42A3-9474-1A3956D46DE8}") = ".nuspec", ".nuspec", "{513C51D0-F926-49E6-9FB9-50C01B8D873E}"
	ProjectSection(SolutionItems) = preProject
		Build\NuspecFiles\Bohrium.Tools.SpecflowReportTool.nuspec = deploy\nuget\Bohrium.Tools.SpecflowReportTool.nuspec
	EndProjectSection
EndProject
Global
	GlobalSection(SolutionConfigurationPlatforms) = preSolution
		Debug|Any CPU = Debug|Any CPU
		net_4_5_Debug|Any CPU = net_4_5_Debug|Any CPU
		net_4_5_Release|Any CPU = net_4_5_Release|Any CPU
		Release|Any CPU = Release|Any CPU
	EndGlobalSection
	GlobalSection(ProjectConfigurationPlatforms) = postSolution
		{20208443-5220-485F-AF48-128D38F1CD54}.Debug|Any CPU.ActiveCfg = Debug|Any CPU
		{20208443-5220-485F-AF48-128D38F1CD54}.Debug|Any CPU.Build.0 = Debug|Any CPU
		{20208443-5220-485F-AF48-128D38F1CD54}.net_4_5_Debug|Any CPU.ActiveCfg = Debug|Any CPU
		{20208443-5220-485F-AF48-128D38F1CD54}.net_4_5_Debug|Any CPU.Build.0 = Debug|Any CPU
		{20208443-5220-485F-AF48-128D38F1CD54}.net_4_5_Release|Any CPU.ActiveCfg = Release|Any CPU
		{20208443-5220-485F-AF48-128D38F1CD54}.net_4_5_Release|Any CPU.Build.0 = Release|Any CPU
		{20208443-5220-485F-AF48-128D38F1CD54}.Release|Any CPU.ActiveCfg = Release|Any CPU
		{20208443-5220-485F-AF48-128D38F1CD54}.Release|Any CPU.Build.0 = Release|Any CPU
		{4E0AF1C3-8E12-4F7A-9BAA-1B0E5749B371}.Debug|Any CPU.ActiveCfg = Debug|Any CPU
		{4E0AF1C3-8E12-4F7A-9BAA-1B0E5749B371}.Debug|Any CPU.Build.0 = Debug|Any CPU
		{4E0AF1C3-8E12-4F7A-9BAA-1B0E5749B371}.net_4_5_Debug|Any CPU.ActiveCfg = Debug|Any CPU
		{4E0AF1C3-8E12-4F7A-9BAA-1B0E5749B371}.net_4_5_Debug|Any CPU.Build.0 = Debug|Any CPU
		{4E0AF1C3-8E12-4F7A-9BAA-1B0E5749B371}.net_4_5_Release|Any CPU.ActiveCfg = Release|Any CPU
		{4E0AF1C3-8E12-4F7A-9BAA-1B0E5749B371}.net_4_5_Release|Any CPU.Build.0 = Release|Any CPU
		{4E0AF1C3-8E12-4F7A-9BAA-1B0E5749B371}.Release|Any CPU.ActiveCfg = Release|Any CPU
		{4E0AF1C3-8E12-4F7A-9BAA-1B0E5749B371}.Release|Any CPU.Build.0 = Release|Any CPU
		{D9CBCEE5-DC81-40FE-9B6C-CC173BE94137}.Debug|Any CPU.ActiveCfg = Debug|Any CPU
		{D9CBCEE5-DC81-40FE-9B6C-CC173BE94137}.Debug|Any CPU.Build.0 = Debug|Any CPU
		{D9CBCEE5-DC81-40FE-9B6C-CC173BE94137}.net_4_5_Debug|Any CPU.ActiveCfg = Debug|Any CPU
		{D9CBCEE5-DC81-40FE-9B6C-CC173BE94137}.net_4_5_Debug|Any CPU.Build.0 = Debug|Any CPU
		{D9CBCEE5-DC81-40FE-9B6C-CC173BE94137}.net_4_5_Release|Any CPU.ActiveCfg = Release|Any CPU
		{D9CBCEE5-DC81-40FE-9B6C-CC173BE94137}.net_4_5_Release|Any CPU.Build.0 = Release|Any CPU
		{D9CBCEE5-DC81-40FE-9B6C-CC173BE94137}.Release|Any CPU.ActiveCfg = Release|Any CPU
		{D9CBCEE5-DC81-40FE-9B6C-CC173BE94137}.Release|Any CPU.Build.0 = Release|Any CPU
	EndGlobalSection
	GlobalSection(SolutionProperties) = preSolution
		HideSolutionNode = FALSE
	EndGlobalSection
	GlobalSection(NestedProjects) = preSolution
		{4E0AF1C3-8E12-4F7A-9BAA-1B0E5749B371} = {1243F5C2-6E36-4866-B508-EE9D6CB2CA35}
		{D9CBCEE5-DC81-40FE-9B6C-CC173BE94137} = {1243F5C2-6E36-4866-B508-EE9D6CB2CA35}
	EndGlobalSection
EndGlobal
