
Microsoft Visual Studio Solution File, Format Version 12.00
# Visual Studio 2013
VisualStudioVersion = 12.0.31101.0
MinimumVisualStudioVersion = 10.0.40219.1
Project("{FAE04EC0-301F-11D3-BF4B-00C04F79EFBC}") = "BDDManagementTool.WebApp", "src\BDDManagementTool.WebApp\BDDManagementTool.WebApp.csproj", "{C9A573F1-EF92-4557-82F0-43C7B8389DD3}"
EndProject
Project("{2150E333-8FDC-42A3-9474-1A3956D46DE8}") = ".nuget", ".nuget", "{AC8BB8DF-D102-4C84-8000-271B92D8184B}"
	ProjectSection(SolutionItems) = preProject
		.nuget\NuGet.Config = .nuget\NuGet.Config
		.nuget\NuGet.exe = .nuget\NuGet.exe
		.nuget\NuGet.targets = .nuget\NuGet.targets
	EndProjectSection
EndProject
Project("{FAE04EC0-301F-11D3-BF4B-00C04F79EFBC}") = "BDDManagementTool.Data", "src\BDDManagementTool.Data\BDDManagementTool.Data.csproj", "{1FCD99BE-56F8-4E8F-A291-9E3B2C300CEC}"
EndProject
Project("{FAE04EC0-301F-11D3-BF4B-00C04F79EFBC}") = "BDDManagementTool.Interfaces", "src\BDDManagementTool.Interfaces\BDDManagementTool.Interfaces.csproj", "{FE5A108C-A1AD-4B19-84BA-5A17A0F1B599}"
EndProject
Project("{FAE04EC0-301F-11D3-BF4B-00C04F79EFBC}") = "BDDManagementTool.Services", "src\BDDManagementTool.Services\BDDManagementTool.Services.csproj", "{E64D1F90-6A2D-4FC9-B154-DE28EBD8E528}"
EndProject
Project("{FAE04EC0-301F-11D3-BF4B-00C04F79EFBC}") = "BDDManagementTool.Constraints", "src\BDDManagementTool.Data\BDDManagementTool.Constraints\BDDManagementTool.Constraints.csproj", "{017C8F8D-CA5D-4CF0-990B-56BA9E947D60}"
EndProject
Project("{FAE04EC0-301F-11D3-BF4B-00C04F79EFBC}") = "BDDManagementTool.Data.XML", "src\BDDManagementTool.Data.XML\BDDManagementTool.Data.XML.csproj", "{275EDE08-98C6-4738-A5CC-F1A4346891CA}"
EndProject
Project("{FAE04EC0-301F-11D3-BF4B-00C04F79EFBC}") = "BDDManagementTool.Data.EntityFramework", "src\BDDManagementTool.Data.EntityFramework\BDDManagementTool.Data.EntityFramework.csproj", "{4850C056-1857-462E-A32F-24A828B2956B}"
EndProject
Project("{FAE04EC0-301F-11D3-BF4B-00C04F79EFBC}") = "BDDManagementTool.Presentation", "src\BDDManagementTool.Presentation\BDDManagementTool.Presentation.csproj", "{3244BA27-23BF-4976-A72E-3FBF02FE737E}"
EndProject
Project("{FAE04EC0-301F-11D3-BF4B-00C04F79EFBC}") = "BDDManagementTool.Infrastructure.Core", "src\BDDManagementTool.Infrastructure.Core\BDDManagementTool.Infrastructure.Core.csproj", "{56AFEBEB-5CF0-4863-ABB3-69FD80491266}"
EndProject
Project("{2150E333-8FDC-42A3-9474-1A3956D46DE8}") = "01 - Infrastructure", "01 - Infrastructure", "{BA397B9A-9BA9-4E65-9DE6-914D06A3142E}"
EndProject
Project("{2150E333-8FDC-42A3-9474-1A3956D46DE8}") = "03 - Data", "03 - Data", "{ED05A5BC-D502-439B-A894-87A7413AFEAB}"
EndProject
Project("{2150E333-8FDC-42A3-9474-1A3956D46DE8}") = "04 - Services", "04 - Services", "{E799850C-2C39-44F1-89B6-CA3391B9EEE2}"
EndProject
Project("{2150E333-8FDC-42A3-9474-1A3956D46DE8}") = "05 - Presentation", "05 - Presentation", "{83E87709-8A2E-46C9-A490-F516BF15C67A}"
EndProject
Project("{2150E333-8FDC-42A3-9474-1A3956D46DE8}") = "06 - UI", "06 - UI", "{9EA28254-3A54-44AB-BC2C-C2351FDE9718}"
EndProject
Project("{2150E333-8FDC-42A3-9474-1A3956D46DE8}") = "02 - Global", "02 - Global", "{4225345E-CE64-4A6E-A957-22A91D5568E4}"
EndProject
Project("{2150E333-8FDC-42A3-9474-1A3956D46DE8}") = "Web", "Web", "{41E6EE4B-F492-4E23-A90F-F15B8BB279FF}"
EndProject
Project("{2150E333-8FDC-42A3-9474-1A3956D46DE8}") = "07 - Tools", "07 - Tools", "{14FEC0AB-0855-439E-88F9-A950AFEAADA1}"
EndProject
Project("{FAE04EC0-301F-11D3-BF4B-00C04F79EFBC}") = "BDDManagementTool.EntityFrameworkImporterApp", "src\BDDManagementTool.EntityFrameworkImporterApp\BDDManagementTool.EntityFrameworkImporterApp.csproj", "{F394B8B1-73A3-4BDA-938F-F1E45A499360}"
EndProject
Global
	GlobalSection(SolutionConfigurationPlatforms) = preSolution
		Debug|Any CPU = Debug|Any CPU
		Release|Any CPU = Release|Any CPU
	EndGlobalSection
	GlobalSection(ProjectConfigurationPlatforms) = postSolution
		{C9A573F1-EF92-4557-82F0-43C7B8389DD3}.Debug|Any CPU.ActiveCfg = Debug|Any CPU
		{C9A573F1-EF92-4557-82F0-43C7B8389DD3}.Debug|Any CPU.Build.0 = Debug|Any CPU
		{C9A573F1-EF92-4557-82F0-43C7B8389DD3}.Release|Any CPU.ActiveCfg = Release|Any CPU
		{C9A573F1-EF92-4557-82F0-43C7B8389DD3}.Release|Any CPU.Build.0 = Release|Any CPU
		{1FCD99BE-56F8-4E8F-A291-9E3B2C300CEC}.Debug|Any CPU.ActiveCfg = Debug|Any CPU
		{1FCD99BE-56F8-4E8F-A291-9E3B2C300CEC}.Debug|Any CPU.Build.0 = Debug|Any CPU
		{1FCD99BE-56F8-4E8F-A291-9E3B2C300CEC}.Release|Any CPU.ActiveCfg = Release|Any CPU
		{1FCD99BE-56F8-4E8F-A291-9E3B2C300CEC}.Release|Any CPU.Build.0 = Release|Any CPU
		{FE5A108C-A1AD-4B19-84BA-5A17A0F1B599}.Debug|Any CPU.ActiveCfg = Debug|Any CPU
		{FE5A108C-A1AD-4B19-84BA-5A17A0F1B599}.Debug|Any CPU.Build.0 = Debug|Any CPU
		{FE5A108C-A1AD-4B19-84BA-5A17A0F1B599}.Release|Any CPU.ActiveCfg = Release|Any CPU
		{FE5A108C-A1AD-4B19-84BA-5A17A0F1B599}.Release|Any CPU.Build.0 = Release|Any CPU
		{E64D1F90-6A2D-4FC9-B154-DE28EBD8E528}.Debug|Any CPU.ActiveCfg = Debug|Any CPU
		{E64D1F90-6A2D-4FC9-B154-DE28EBD8E528}.Debug|Any CPU.Build.0 = Debug|Any CPU
		{E64D1F90-6A2D-4FC9-B154-DE28EBD8E528}.Release|Any CPU.ActiveCfg = Release|Any CPU
		{E64D1F90-6A2D-4FC9-B154-DE28EBD8E528}.Release|Any CPU.Build.0 = Release|Any CPU
		{017C8F8D-CA5D-4CF0-990B-56BA9E947D60}.Debug|Any CPU.ActiveCfg = Debug|Any CPU
		{017C8F8D-CA5D-4CF0-990B-56BA9E947D60}.Debug|Any CPU.Build.0 = Debug|Any CPU
		{017C8F8D-CA5D-4CF0-990B-56BA9E947D60}.Release|Any CPU.ActiveCfg = Release|Any CPU
		{017C8F8D-CA5D-4CF0-990B-56BA9E947D60}.Release|Any CPU.Build.0 = Release|Any CPU
		{275EDE08-98C6-4738-A5CC-F1A4346891CA}.Debug|Any CPU.ActiveCfg = Debug|Any CPU
		{275EDE08-98C6-4738-A5CC-F1A4346891CA}.Debug|Any CPU.Build.0 = Debug|Any CPU
		{275EDE08-98C6-4738-A5CC-F1A4346891CA}.Release|Any CPU.ActiveCfg = Release|Any CPU
		{275EDE08-98C6-4738-A5CC-F1A4346891CA}.Release|Any CPU.Build.0 = Release|Any CPU
		{4850C056-1857-462E-A32F-24A828B2956B}.Debug|Any CPU.ActiveCfg = Debug|Any CPU
		{4850C056-1857-462E-A32F-24A828B2956B}.Debug|Any CPU.Build.0 = Debug|Any CPU
		{4850C056-1857-462E-A32F-24A828B2956B}.Release|Any CPU.ActiveCfg = Release|Any CPU
		{4850C056-1857-462E-A32F-24A828B2956B}.Release|Any CPU.Build.0 = Release|Any CPU
		{3244BA27-23BF-4976-A72E-3FBF02FE737E}.Debug|Any CPU.ActiveCfg = Debug|Any CPU
		{3244BA27-23BF-4976-A72E-3FBF02FE737E}.Debug|Any CPU.Build.0 = Debug|Any CPU
		{3244BA27-23BF-4976-A72E-3FBF02FE737E}.Release|Any CPU.ActiveCfg = Release|Any CPU
		{3244BA27-23BF-4976-A72E-3FBF02FE737E}.Release|Any CPU.Build.0 = Release|Any CPU
		{56AFEBEB-5CF0-4863-ABB3-69FD80491266}.Debug|Any CPU.ActiveCfg = Debug|Any CPU
		{56AFEBEB-5CF0-4863-ABB3-69FD80491266}.Debug|Any CPU.Build.0 = Debug|Any CPU
		{56AFEBEB-5CF0-4863-ABB3-69FD80491266}.Release|Any CPU.ActiveCfg = Release|Any CPU
		{56AFEBEB-5CF0-4863-ABB3-69FD80491266}.Release|Any CPU.Build.0 = Release|Any CPU
		{F394B8B1-73A3-4BDA-938F-F1E45A499360}.Debug|Any CPU.ActiveCfg = Debug|Any CPU
		{F394B8B1-73A3-4BDA-938F-F1E45A499360}.Debug|Any CPU.Build.0 = Debug|Any CPU
		{F394B8B1-73A3-4BDA-938F-F1E45A499360}.Release|Any CPU.ActiveCfg = Release|Any CPU
		{F394B8B1-73A3-4BDA-938F-F1E45A499360}.Release|Any CPU.Build.0 = Release|Any CPU
	EndGlobalSection
	GlobalSection(SolutionProperties) = preSolution
		HideSolutionNode = FALSE
	EndGlobalSection
	GlobalSection(NestedProjects) = preSolution
		{C9A573F1-EF92-4557-82F0-43C7B8389DD3} = {41E6EE4B-F492-4E23-A90F-F15B8BB279FF}
		{1FCD99BE-56F8-4E8F-A291-9E3B2C300CEC} = {ED05A5BC-D502-439B-A894-87A7413AFEAB}
		{FE5A108C-A1AD-4B19-84BA-5A17A0F1B599} = {E799850C-2C39-44F1-89B6-CA3391B9EEE2}
		{E64D1F90-6A2D-4FC9-B154-DE28EBD8E528} = {E799850C-2C39-44F1-89B6-CA3391B9EEE2}
		{017C8F8D-CA5D-4CF0-990B-56BA9E947D60} = {4225345E-CE64-4A6E-A957-22A91D5568E4}
		{275EDE08-98C6-4738-A5CC-F1A4346891CA} = {ED05A5BC-D502-439B-A894-87A7413AFEAB}
		{4850C056-1857-462E-A32F-24A828B2956B} = {ED05A5BC-D502-439B-A894-87A7413AFEAB}
		{3244BA27-23BF-4976-A72E-3FBF02FE737E} = {83E87709-8A2E-46C9-A490-F516BF15C67A}
		{56AFEBEB-5CF0-4863-ABB3-69FD80491266} = {BA397B9A-9BA9-4E65-9DE6-914D06A3142E}
		{41E6EE4B-F492-4E23-A90F-F15B8BB279FF} = {9EA28254-3A54-44AB-BC2C-C2351FDE9718}
		{F394B8B1-73A3-4BDA-938F-F1E45A499360} = {14FEC0AB-0855-439E-88F9-A950AFEAADA1}
	EndGlobalSection
EndGlobal
